
Microsoft Visual Studio Solution File, Format Version 12.00
# Visual Studio Version 17
VisualStudioVersion = 17.9.34616.47
MinimumVisualStudioVersion = 10.0.40219.1
Project("{FAE04EC0-301F-11D3-BF4B-00C04F79EFBC}") = "Theme 19 Pr 4", "Theme 19 Pr 4.csproj", "{DAACD213-27B8-4635-B57B-43E4D7BF0720}"
EndProject
Global
	GlobalSection(SolutionConfigurationPlatforms) = preSolution
		Debug|Any CPU = Debug|Any CPU
		Release|Any CPU = Release|Any CPU
	EndGlobalSection
	GlobalSection(ProjectConfigurationPlatforms) = postSolution
		{DAACD213-27B8-4635-B57B-43E4D7BF0720}.Debug|Any CPU.ActiveCfg = Debug|Any CPU
		{DAACD213-27B8-4635-B57B-43E4D7BF0720}.Debug|Any CPU.Build.0 = Debug|Any CPU
		{DAACD213-27B8-4635-B57B-43E4D7BF0720}.Release|Any CPU.ActiveCfg = Release|Any CPU
		{DAACD213-27B8-4635-B57B-43E4D7BF0720}.Release|Any CPU.Build.0 = Release|Any CPU
	EndGlobalSection
	GlobalSection(SolutionProperties) = preSolution
		HideSolutionNode = FALSE
	EndGlobalSection
	GlobalSection(ExtensibilityGlobals) = postSolution
		SolutionGuid = {0A40D268-833A-49E7-BFCA-F4CABD18D5B0}
	EndGlobalSection
EndGlobal
