
Microsoft Visual Studio Solution File, Format Version 12.00
# Visual Studio Version 17
VisualStudioVersion = 17.9.34616.47
MinimumVisualStudioVersion = 10.0.40219.1
Project("{FAE04EC0-301F-11D3-BF4B-00C04F79EFBC}") = "Theme 19 Pr 2 (5zd)", "Theme 19 Pr 2 (5zd).csproj", "{36B9E7E2-8CBD-4928-A372-2D01DB920875}"
EndProject
Global
	GlobalSection(SolutionConfigurationPlatforms) = preSolution
		Debug|Any CPU = Debug|Any CPU
		Release|Any CPU = Release|Any CPU
	EndGlobalSection
	GlobalSection(ProjectConfigurationPlatforms) = postSolution
		{36B9E7E2-8CBD-4928-A372-2D01DB920875}.Debug|Any CPU.ActiveCfg = Debug|Any CPU
		{36B9E7E2-8CBD-4928-A372-2D01DB920875}.Debug|Any CPU.Build.0 = Debug|Any CPU
		{36B9E7E2-8CBD-4928-A372-2D01DB920875}.Release|Any CPU.ActiveCfg = Release|Any CPU
		{36B9E7E2-8CBD-4928-A372-2D01DB920875}.Release|Any CPU.Build.0 = Release|Any CPU
	EndGlobalSection
	GlobalSection(SolutionProperties) = preSolution
		HideSolutionNode = FALSE
	EndGlobalSection
	GlobalSection(ExtensibilityGlobals) = postSolution
		SolutionGuid = {78E9AD18-556A-4F4E-9C71-358728BB41D3}
	EndGlobalSection
EndGlobal
